
Microsoft Visual Studio Solution File, Format Version 12.00
# Visual Studio Version 17
VisualStudioVersion = 17.0.31903.59
MinimumVisualStudioVersion = 10.0.40219.1
Project("{2150E333-8FDC-42A3-9474-1A3956D46DE8}") = "src", "src", "{2ED36399-21BE-49ED-830E-8091BE339F15}"
EndProject
Project("{2150E333-8FDC-42A3-9474-1A3956D46DE8}") = "Services", "Services", "{B0ADDDCD-E9B9-4A73-A9D2-F016631FB0D0}"
EndProject
Project("{2150E333-8FDC-42A3-9474-1A3956D46DE8}") = "Orhcestration", "Orhcestration", "{678A2B79-8E0C-4E5F-AC19-ECD719F18E7D}"
EndProject
Project("{E53339B2-1760-4266-BCC7-CA923CBCF16C}") = "docker-compose", "docker-compose.dcproj", "{64233E07-520F-43E9-921E-F7D8A1ADCA51}"
EndProject
Project("{2150E333-8FDC-42A3-9474-1A3956D46DE8}") = "Infrastructure", "Infrastructure", "{71494ECE-4CB4-4F9D-87B7-0AC68156F88B}"
EndProject
Project("{9A19103F-16F7-4668-BE54-9A1E7A4F7556}") = "ConnectBakery.Domain", "ConnectBakery.Domain\ConnectBakery.Domain.csproj", "{BBC42A2D-0079-4DE9-93B5-BACCE3096C89}"
EndProject
Project("{2150E333-8FDC-42A3-9474-1A3956D46DE8}") = "Common", "Common", "{0832A530-1D36-48DE-AB6A-A2DA1251F650}"
EndProject
Project("{9A19103F-16F7-4668-BE54-9A1E7A4F7556}") = "ConnectBakery.Client.Api", "ConnectBakery.Client.Api\ConnectBakery.Client.Api.csproj", "{9FAA2489-107C-4918-82CE-F5455AFB726D}"
EndProject
Project("{9A19103F-16F7-4668-BE54-9A1E7A4F7556}") = "ConnectBakery.Employe.Api", "ConnectBakery.Employe.Api\ConnectBakery.Employe.Api.csproj", "{C09B6E51-0A77-4231-B74C-1637854CA86C}"
EndProject
Project("{9A19103F-16F7-4668-BE54-9A1E7A4F7556}") = "ConnectBakery.Order.Api", "ConnectBakery.Order.Api\ConnectBakery.Order.Api.csproj", "{E59F803A-E4DF-4A0F-BC17-E69413D08908}"
EndProject
Project("{9A19103F-16F7-4668-BE54-9A1E7A4F7556}") = "ConnectBakery.Stock.Api", "ConnectBakery.Stock.Api\ConnectBakery.Stock.Api.csproj", "{51C19B4F-99D8-4C0D-91A6-3EEEBC2A009F}"
EndProject
Project("{9A19103F-16F7-4668-BE54-9A1E7A4F7556}") = "ConnectBakery.Product.Api", "ConnectBakery.Product.Api\ConnectBakery.Product.Api.csproj", "{F5966658-1879-460D-838E-777A16E95706}"
EndProject
Project("{9A19103F-16F7-4668-BE54-9A1E7A4F7556}") = "ConectBakery.User.Api", "ConectBakery.User.Api\ConectBakery.User.Api.csproj", "{A4CCF906-3440-4DE2-89FF-EAAB1A2971BC}"
EndProject
Project("{2150E333-8FDC-42A3-9474-1A3956D46DE8}") = "Application", "Application", "{BC720E5D-856F-49E2-957C-6AB042995433}"
EndProject
Project("{9A19103F-16F7-4668-BE54-9A1E7A4F7556}") = "ConnectBakery.Application", "ConnectBakery.Application\ConnectBakery.Application.csproj", "{57636337-AE1A-480E-8504-5CE895C77CC6}"
EndProject
Project("{9A19103F-16F7-4668-BE54-9A1E7A4F7556}") = "ConnectBakery.Application.Shared", "ConnectBakery.Application.Shared\ConnectBakery.Application.Shared.csproj", "{131F035A-3161-4873-8971-BB0EE1EF0AA9}"
EndProject
Project("{9A19103F-16F7-4668-BE54-9A1E7A4F7556}") = "ConnectBakery.Common", "ConnectBakery.Common\ConnectBakery.Common.csproj", "{5706E4CB-274C-4E18-8CDB-67E2F182DB7A}"
EndProject
Project("{9A19103F-16F7-4668-BE54-9A1E7A4F7556}") = "ConnectBakery.DAL", "ConnectBakery.DAL\ConnectBakery.DAL.csproj", "{FA7F96CC-EEF0-48D1-B14A-5CE24B9E7099}"
EndProject
Project("{FAE04EC0-301F-11D3-BF4B-00C04F79EFBC}") = "ConnectBakery.Core", "ConnectBakery.Core\ConnectBakery.Core.csproj", "{B88B84CF-6E19-4635-BE44-3B939F325E41}"
EndProject
Project("{2150E333-8FDC-42A3-9474-1A3956D46DE8}") = "Common", "Common", "{31BBEFD9-029F-4981-9881-BE5BE3CF49A0}"
EndProject
Global
	GlobalSection(SolutionConfigurationPlatforms) = preSolution
		Debug|Any CPU = Debug|Any CPU
		Release|Any CPU = Release|Any CPU
	EndGlobalSection
	GlobalSection(ProjectConfigurationPlatforms) = postSolution
		{64233E07-520F-43E9-921E-F7D8A1ADCA51}.Debug|Any CPU.ActiveCfg = Debug|Any CPU
		{64233E07-520F-43E9-921E-F7D8A1ADCA51}.Debug|Any CPU.Build.0 = Debug|Any CPU
		{64233E07-520F-43E9-921E-F7D8A1ADCA51}.Release|Any CPU.ActiveCfg = Release|Any CPU
		{64233E07-520F-43E9-921E-F7D8A1ADCA51}.Release|Any CPU.Build.0 = Release|Any CPU
		{BBC42A2D-0079-4DE9-93B5-BACCE3096C89}.Debug|Any CPU.ActiveCfg = Debug|Any CPU
		{BBC42A2D-0079-4DE9-93B5-BACCE3096C89}.Debug|Any CPU.Build.0 = Debug|Any CPU
		{BBC42A2D-0079-4DE9-93B5-BACCE3096C89}.Release|Any CPU.ActiveCfg = Release|Any CPU
		{BBC42A2D-0079-4DE9-93B5-BACCE3096C89}.Release|Any CPU.Build.0 = Release|Any CPU
		{9FAA2489-107C-4918-82CE-F5455AFB726D}.Debug|Any CPU.ActiveCfg = Debug|Any CPU
		{9FAA2489-107C-4918-82CE-F5455AFB726D}.Debug|Any CPU.Build.0 = Debug|Any CPU
		{9FAA2489-107C-4918-82CE-F5455AFB726D}.Release|Any CPU.ActiveCfg = Release|Any CPU
		{9FAA2489-107C-4918-82CE-F5455AFB726D}.Release|Any CPU.Build.0 = Release|Any CPU
		{C09B6E51-0A77-4231-B74C-1637854CA86C}.Debug|Any CPU.ActiveCfg = Debug|Any CPU
		{C09B6E51-0A77-4231-B74C-1637854CA86C}.Debug|Any CPU.Build.0 = Debug|Any CPU
		{C09B6E51-0A77-4231-B74C-1637854CA86C}.Release|Any CPU.ActiveCfg = Release|Any CPU
		{C09B6E51-0A77-4231-B74C-1637854CA86C}.Release|Any CPU.Build.0 = Release|Any CPU
		{E59F803A-E4DF-4A0F-BC17-E69413D08908}.Debug|Any CPU.ActiveCfg = Debug|Any CPU
		{E59F803A-E4DF-4A0F-BC17-E69413D08908}.Debug|Any CPU.Build.0 = Debug|Any CPU
		{E59F803A-E4DF-4A0F-BC17-E69413D08908}.Release|Any CPU.ActiveCfg = Release|Any CPU
		{E59F803A-E4DF-4A0F-BC17-E69413D08908}.Release|Any CPU.Build.0 = Release|Any CPU
		{51C19B4F-99D8-4C0D-91A6-3EEEBC2A009F}.Debug|Any CPU.ActiveCfg = Debug|Any CPU
		{51C19B4F-99D8-4C0D-91A6-3EEEBC2A009F}.Debug|Any CPU.Build.0 = Debug|Any CPU
		{51C19B4F-99D8-4C0D-91A6-3EEEBC2A009F}.Release|Any CPU.ActiveCfg = Release|Any CPU
		{51C19B4F-99D8-4C0D-91A6-3EEEBC2A009F}.Release|Any CPU.Build.0 = Release|Any CPU
		{F5966658-1879-460D-838E-777A16E95706}.Debug|Any CPU.ActiveCfg = Debug|Any CPU
		{F5966658-1879-460D-838E-777A16E95706}.Debug|Any CPU.Build.0 = Debug|Any CPU
		{F5966658-1879-460D-838E-777A16E95706}.Release|Any CPU.ActiveCfg = Release|Any CPU
		{F5966658-1879-460D-838E-777A16E95706}.Release|Any CPU.Build.0 = Release|Any CPU
		{A4CCF906-3440-4DE2-89FF-EAAB1A2971BC}.Debug|Any CPU.ActiveCfg = Debug|Any CPU
		{A4CCF906-3440-4DE2-89FF-EAAB1A2971BC}.Debug|Any CPU.Build.0 = Debug|Any CPU
		{A4CCF906-3440-4DE2-89FF-EAAB1A2971BC}.Release|Any CPU.ActiveCfg = Release|Any CPU
		{A4CCF906-3440-4DE2-89FF-EAAB1A2971BC}.Release|Any CPU.Build.0 = Release|Any CPU
		{57636337-AE1A-480E-8504-5CE895C77CC6}.Debug|Any CPU.ActiveCfg = Debug|Any CPU
		{57636337-AE1A-480E-8504-5CE895C77CC6}.Debug|Any CPU.Build.0 = Debug|Any CPU
		{57636337-AE1A-480E-8504-5CE895C77CC6}.Release|Any CPU.ActiveCfg = Release|Any CPU
		{57636337-AE1A-480E-8504-5CE895C77CC6}.Release|Any CPU.Build.0 = Release|Any CPU
		{131F035A-3161-4873-8971-BB0EE1EF0AA9}.Debug|Any CPU.ActiveCfg = Debug|Any CPU
		{131F035A-3161-4873-8971-BB0EE1EF0AA9}.Debug|Any CPU.Build.0 = Debug|Any CPU
		{131F035A-3161-4873-8971-BB0EE1EF0AA9}.Release|Any CPU.ActiveCfg = Release|Any CPU
		{131F035A-3161-4873-8971-BB0EE1EF0AA9}.Release|Any CPU.Build.0 = Release|Any CPU
		{5706E4CB-274C-4E18-8CDB-67E2F182DB7A}.Debug|Any CPU.ActiveCfg = Debug|Any CPU
		{5706E4CB-274C-4E18-8CDB-67E2F182DB7A}.Debug|Any CPU.Build.0 = Debug|Any CPU
		{5706E4CB-274C-4E18-8CDB-67E2F182DB7A}.Release|Any CPU.ActiveCfg = Release|Any CPU
		{5706E4CB-274C-4E18-8CDB-67E2F182DB7A}.Release|Any CPU.Build.0 = Release|Any CPU
		{FA7F96CC-EEF0-48D1-B14A-5CE24B9E7099}.Debug|Any CPU.ActiveCfg = Debug|Any CPU
		{FA7F96CC-EEF0-48D1-B14A-5CE24B9E7099}.Debug|Any CPU.Build.0 = Debug|Any CPU
		{FA7F96CC-EEF0-48D1-B14A-5CE24B9E7099}.Release|Any CPU.ActiveCfg = Release|Any CPU
		{FA7F96CC-EEF0-48D1-B14A-5CE24B9E7099}.Release|Any CPU.Build.0 = Release|Any CPU
		{B88B84CF-6E19-4635-BE44-3B939F325E41}.Debug|Any CPU.ActiveCfg = Debug|Any CPU
		{B88B84CF-6E19-4635-BE44-3B939F325E41}.Debug|Any CPU.Build.0 = Debug|Any CPU
		{B88B84CF-6E19-4635-BE44-3B939F325E41}.Release|Any CPU.ActiveCfg = Release|Any CPU
		{B88B84CF-6E19-4635-BE44-3B939F325E41}.Release|Any CPU.Build.0 = Release|Any CPU
	EndGlobalSection
	GlobalSection(SolutionProperties) = preSolution
		HideSolutionNode = FALSE
	EndGlobalSection
	GlobalSection(NestedProjects) = preSolution
		{B0ADDDCD-E9B9-4A73-A9D2-F016631FB0D0} = {2ED36399-21BE-49ED-830E-8091BE339F15}
		{678A2B79-8E0C-4E5F-AC19-ECD719F18E7D} = {2ED36399-21BE-49ED-830E-8091BE339F15}
		{64233E07-520F-43E9-921E-F7D8A1ADCA51} = {678A2B79-8E0C-4E5F-AC19-ECD719F18E7D}
		{71494ECE-4CB4-4F9D-87B7-0AC68156F88B} = {2ED36399-21BE-49ED-830E-8091BE339F15}
		{BBC42A2D-0079-4DE9-93B5-BACCE3096C89} = {71494ECE-4CB4-4F9D-87B7-0AC68156F88B}
		{0832A530-1D36-48DE-AB6A-A2DA1251F650} = {2ED36399-21BE-49ED-830E-8091BE339F15}
		{9FAA2489-107C-4918-82CE-F5455AFB726D} = {B0ADDDCD-E9B9-4A73-A9D2-F016631FB0D0}
		{C09B6E51-0A77-4231-B74C-1637854CA86C} = {B0ADDDCD-E9B9-4A73-A9D2-F016631FB0D0}
		{E59F803A-E4DF-4A0F-BC17-E69413D08908} = {B0ADDDCD-E9B9-4A73-A9D2-F016631FB0D0}
		{51C19B4F-99D8-4C0D-91A6-3EEEBC2A009F} = {B0ADDDCD-E9B9-4A73-A9D2-F016631FB0D0}
		{F5966658-1879-460D-838E-777A16E95706} = {B0ADDDCD-E9B9-4A73-A9D2-F016631FB0D0}
		{A4CCF906-3440-4DE2-89FF-EAAB1A2971BC} = {B0ADDDCD-E9B9-4A73-A9D2-F016631FB0D0}
		{BC720E5D-856F-49E2-957C-6AB042995433} = {2ED36399-21BE-49ED-830E-8091BE339F15}
		{57636337-AE1A-480E-8504-5CE895C77CC6} = {BC720E5D-856F-49E2-957C-6AB042995433}
		{131F035A-3161-4873-8971-BB0EE1EF0AA9} = {BC720E5D-856F-49E2-957C-6AB042995433}
		{5706E4CB-274C-4E18-8CDB-67E2F182DB7A} = {0832A530-1D36-48DE-AB6A-A2DA1251F650}
		{FA7F96CC-EEF0-48D1-B14A-5CE24B9E7099} = {71494ECE-4CB4-4F9D-87B7-0AC68156F88B}
		{B88B84CF-6E19-4635-BE44-3B939F325E41} = {31BBEFD9-029F-4981-9881-BE5BE3CF49A0}
		{31BBEFD9-029F-4981-9881-BE5BE3CF49A0} = {B0ADDDCD-E9B9-4A73-A9D2-F016631FB0D0}
	EndGlobalSection
	GlobalSection(ExtensibilityGlobals) = postSolution
		SolutionGuid = {9854004F-7F92-44EC-90A2-59A5A7966741}
	EndGlobalSection
EndGlobal
